
Microsoft Visual Studio Solution File, Format Version 12.00
# Visual Studio 14
VisualStudioVersion = 14.0.24720.0
MinimumVisualStudioVersion = 10.0.40219.1
Project("{2150E333-8FDC-42A3-9474-1A3956D46DE8}") = "src", "src", "{70348F4E-1A3B-4CC4-B904-97A95C60085A}"
EndProject
Project("{2150E333-8FDC-42A3-9474-1A3956D46DE8}") = "Solution Items", "Solution Items", "{4B254FAD-F38C-4C13-B464-06FB96102B5C}"
	ProjectSection(SolutionItems) = preProject
		global.json = global.json
	EndProjectSection
EndProject
Project("{8BB2217D-0F2D-49D1-97BC-3654ED321F3B}") = "AspNetBlog", "src\AspNetBlog\AspNetBlog.xproj", "{30F45A00-A5C5-4900-A8DE-1CB6A9ABBBE4}"
EndProject
Global
	GlobalSection(SolutionConfigurationPlatforms) = preSolution
		Debug|Any CPU = Debug|Any CPU
		Release|Any CPU = Release|Any CPU
	EndGlobalSection
	GlobalSection(ProjectConfigurationPlatforms) = postSolution
		{30F45A00-A5C5-4900-A8DE-1CB6A9ABBBE4}.Debug|Any CPU.ActiveCfg = Debug|Any CPU
		{30F45A00-A5C5-4900-A8DE-1CB6A9ABBBE4}.Debug|Any CPU.Build.0 = Debug|Any CPU
		{30F45A00-A5C5-4900-A8DE-1CB6A9ABBBE4}.Release|Any CPU.ActiveCfg = Release|Any CPU
		{30F45A00-A5C5-4900-A8DE-1CB6A9ABBBE4}.Release|Any CPU.Build.0 = Release|Any CPU
	EndGlobalSection
	GlobalSection(SolutionProperties) = preSolution
		HideSolutionNode = FALSE
	EndGlobalSection
	GlobalSection(NestedProjects) = preSolution
		{30F45A00-A5C5-4900-A8DE-1CB6A9ABBBE4} = {70348F4E-1A3B-4CC4-B904-97A95C60085A}
	EndGlobalSection
EndGlobal
